
Microsoft Visual Studio Solution File, Format Version 12.00
# Visual Studio Version 16
VisualStudioVersion = 16.0.29409.12
MinimumVisualStudioVersion = 10.0.40219.1
Project("{FAE04EC0-301F-11D3-BF4B-00C04F79EFBC}") = "TestPR", "TestPR\TestPR.csproj", "{653F79BB-C035-45DC-AA67-11FB1575070F}"
EndProject
Global
	GlobalSection(SolutionConfigurationPlatforms) = preSolution
		Debug|Any CPU = Debug|Any CPU
		Release|Any CPU = Release|Any CPU
	EndGlobalSection
	GlobalSection(ProjectConfigurationPlatforms) = postSolution
		{653F79BB-C035-45DC-AA67-11FB1575070F}.Debug|Any CPU.ActiveCfg = Debug|Any CPU
		{653F79BB-C035-45DC-AA67-11FB1575070F}.Debug|Any CPU.Build.0 = Debug|Any CPU
		{653F79BB-C035-45DC-AA67-11FB1575070F}.Release|Any CPU.ActiveCfg = Release|Any CPU
		{653F79BB-C035-45DC-AA67-11FB1575070F}.Release|Any CPU.Build.0 = Release|Any CPU
	EndGlobalSection
	GlobalSection(SolutionProperties) = preSolution
		HideSolutionNode = FALSE
	EndGlobalSection
	GlobalSection(ExtensibilityGlobals) = postSolution
		SolutionGuid = {6A411077-F2CB-490A-8649-D38077C620B4}
	EndGlobalSection
EndGlobal
